// !$*UTF8*$!
{
	archiveVersion = 1;
	classes = {
	};
	objectVersion = 48;
	objects = {

/* Begin PBXBuildFile section */
		AE1F202520182819008C352C /* AppDelegate.swift in Sources */ = {isa = PBXBuildFile; fileRef = AE1F202420182819008C352C /* AppDelegate.swift */; };
		AE1F202720182819008C352C /* ViewController.swift in Sources */ = {isa = PBXBuildFile; fileRef = AE1F202620182819008C352C /* ViewController.swift */; };
		AE1F202A20182819008C352C /* Main.storyboard in Resources */ = {isa = PBXBuildFile; fileRef = AE1F202820182819008C352C /* Main.storyboard */; };
		AE1F202C20182819008C352C /* Assets.xcassets in Resources */ = {isa = PBXBuildFile; fileRef = AE1F202B20182819008C352C /* Assets.xcassets */; };
		AE1F202F20182819008C352C /* LaunchScreen.storyboard in Resources */ = {isa = PBXBuildFile; fileRef = AE1F202D20182819008C352C /* LaunchScreen.storyboard */; };
		AE1F203720182D8D008C352C /* AnimationView.swift in Sources */ = {isa = PBXBuildFile; fileRef = AE1F203620182D8D008C352C /* AnimationView.swift */; };
		AEE03151201EF9A300AB1C2C /* Extension.swift in Sources */ = {isa = PBXBuildFile; fileRef = AEE03150201EF9A300AB1C2C /* Extension.swift */; };
		AEE0315420204ACE00AB1C2C /* CircleLayer.swift in Sources */ = {isa = PBXBuildFile; fileRef = AEE0315320204ACE00AB1C2C /* CircleLayer.swift */; };
		AEE0315620204AE400AB1C2C /* TriangleLayer.swift in Sources */ = {isa = PBXBuildFile; fileRef = AEE0315520204AE400AB1C2C /* TriangleLayer.swift */; };
/* End PBXBuildFile section */

/* Begin PBXFileReference section */
		AE1F202120182819008C352C /* LoadingAnimation.app */ = {isa = PBXFileReference; explicitFileType = wrapper.application; includeInIndex = 0; path = LoadingAnimation.app; sourceTree = BUILT_PRODUCTS_DIR; };
		AE1F202420182819008C352C /* AppDelegate.swift */ = {isa = PBXFileReference; lastKnownFileType = sourcecode.swift; path = AppDelegate.swift; sourceTree = "<group>"; };
		AE1F202620182819008C352C /* ViewController.swift */ = {isa = PBXFileReference; lastKnownFileType = sourcecode.swift; path = ViewController.swift; sourceTree = "<group>"; };
		AE1F202920182819008C352C /* Base */ = {isa = PBXFileReference; lastKnownFileType = file.storyboard; name = Base; path = Base.lproj/Main.storyboard; sourceTree = "<group>"; };
		AE1F202B20182819008C352C /* Assets.xcassets */ = {isa = PBXFileReference; lastKnownFileType = folder.assetcatalog; path = Assets.xcassets; sourceTree = "<group>"; };
		AE1F202E20182819008C352C /* Base */ = {isa = PBXFileReference; lastKnownFileType = file.storyboard; name = Base; path = Base.lproj/LaunchScreen.storyboard; sourceTree = "<group>"; };
		AE1F203020182819008C352C /* Info.plist */ = {isa = PBXFileReference; lastKnownFileType = text.plist.xml; path = Info.plist; sourceTree = "<group>"; };
		AE1F203620182D8D008C352C /* AnimationView.swift */ = {isa = PBXFileReference; lastKnownFileType = sourcecode.swift; path = AnimationView.swift; sourceTree = "<group>"; };
		AEE03150201EF9A300AB1C2C /* Extension.swift */ = {isa = PBXFileReference; lastKnownFileType = sourcecode.swift; path = Extension.swift; sourceTree = "<group>"; };
		AEE0315320204ACE00AB1C2C /* CircleLayer.swift */ = {isa = PBXFileReference; fileEncoding = 4; lastKnownFileType = sourcecode.swift; path = CircleLayer.swift; sourceTree = "<group>"; };
		AEE0315520204AE400AB1C2C /* TriangleLayer.swift */ = {isa = PBXFileReference; lastKnownFileType = sourcecode.swift; path = TriangleLayer.swift; sourceTree = "<group>"; };
/* End PBXFileReference section */

/* Begin PBXFrameworksBuildPhase section */
		AE1F201E20182819008C352C /* Frameworks */ = {
			isa = PBXFrameworksBuildPhase;
			buildActionMask = 2147483647;
			files = (
			);
			runOnlyForDeploymentPostprocessing = 0;
		};
/* End PBXFrameworksBuildPhase section */

/* Begin PBXGroup section */
		AE1F201820182819008C352C = {
			isa = PBXGroup;
			children = (
				AE1F202320182819008C352C /* LoadingAnimation */,
				AE1F202220182819008C352C /* Products */,
			);
			sourceTree = "<group>";
		};
		AE1F202220182819008C352C /* Products */ = {
			isa = PBXGroup;
			children = (
				AE1F202120182819008C352C /* LoadingAnimation.app */,
			);
			name = Products;
			sourceTree = "<group>";
		};
		AE1F202320182819008C352C /* LoadingAnimation */ = {
			isa = PBXGroup;
			children = (
				AEE0314F201EF99100AB1C2C /* Other */,
				AE1F202420182819008C352C /* AppDelegate.swift */,
				AE1F202620182819008C352C /* ViewController.swift */,
				AE1F203620182D8D008C352C /* AnimationView.swift */,
				AEE0315220204AB400AB1C2C /* Layer */,
				AE1F202820182819008C352C /* Main.storyboard */,
				AE1F202B20182819008C352C /* Assets.xcassets */,
				AE1F202D20182819008C352C /* LaunchScreen.storyboard */,
				AE1F203020182819008C352C /* Info.plist */,
			);
			path = LoadingAnimation;
			sourceTree = "<group>";
		};
		AEE0314F201EF99100AB1C2C /* Other */ = {
			isa = PBXGroup;
			children = (
				AEE03150201EF9A300AB1C2C /* Extension.swift */,
			);
			path = Other;
			sourceTree = "<group>";
		};
		AEE0315220204AB400AB1C2C /* Layer */ = {
			isa = PBXGroup;
			children = (
				AEE0315320204ACE00AB1C2C /* CircleLayer.swift */,
				AEE0315520204AE400AB1C2C /* TriangleLayer.swift */,
			);
			path = Layer;
			sourceTree = "<group>";
		};
/* End PBXGroup section */

/* Begin PBXNativeTarget section */
		AE1F202020182819008C352C /* LoadingAnimation */ = {
			isa = PBXNativeTarget;
			buildConfigurationList = AE1F203320182819008C352C /* Build configuration list for PBXNativeTarget "LoadingAnimation" */;
			buildPhases = (
				AE1F201D20182819008C352C /* Sources */,
				AE1F201E20182819008C352C /* Frameworks */,
				AE1F201F20182819008C352C /* Resources */,
			);
			buildRules = (
			);
			dependencies = (
			);
			name = LoadingAnimation;
			productName = LoadingAnimation;
			productReference = AE1F202120182819008C352C /* LoadingAnimation.app */;
			productType = "com.apple.product-type.application";
		};
/* End PBXNativeTarget section */

/* Begin PBXProject section */
		AE1F201920182819008C352C /* Project object */ = {
			isa = PBXProject;
			attributes = {
				LastSwiftUpdateCheck = 0920;
				LastUpgradeCheck = 0920;
				ORGANIZATIONNAME = "李文静";
				TargetAttributes = {
					AE1F202020182819008C352C = {
						CreatedOnToolsVersion = 9.2;
						ProvisioningStyle = Automatic;
					};
				};
			};
			buildConfigurationList = AE1F201C20182819008C352C /* Build configuration list for PBXProject "LoadingAnimation" */;
			compatibilityVersion = "Xcode 8.0";
			developmentRegion = en;
			hasScannedForEncodings = 0;
			knownRegions = (
				en,
				Base,
			);
			mainGroup = AE1F201820182819008C352C;
			productRefGroup = AE1F202220182819008C352C /* Products */;
			projectDirPath = "";
			projectRoot = "";
			targets = (
				AE1F202020182819008C352C /* LoadingAnimation */,
			);
		};
/* End PBXProject section */

/* Begin PBXResourcesBuildPhase section */
		AE1F201F20182819008C352C /* Resources */ = {
			isa = PBXResourcesBuildPhase;
			buildActionMask = 2147483647;
			files = (
				AE1F202F20182819008C352C /* LaunchScreen.storyboard in Resources */,
				AE1F202C20182819008C352C /* Assets.xcassets in Resources */,
				AE1F202A20182819008C352C /* Main.storyboard in Resources */,
			);
			runOnlyForDeploymentPostprocessing = 0;
		};
/* End PBXResourcesBuildPhase section */

/* Begin PBXSourcesBuildPhase section */
		AE1F201D20182819008C352C /* Sources */ = {
			isa = PBXSourcesBuildPhase;
			buildActionMask = 2147483647;
			files = (
				AEE03151201EF9A300AB1C2C /* Extension.swift in Sources */,
				AE1F203720182D8D008C352C /* AnimationView.swift in Sources */,
				AE1F202720182819008C352C /* ViewController.swift in Sources */,
				AEE0315620204AE400AB1C2C /* TriangleLayer.swift in Sources */,
				AEE0315420204ACE00AB1C2C /* CircleLayer.swift in Sources */,
				AE1F202520182819008C352C /* AppDelegate.swift in Sources */,
			);
			runOnlyForDeploymentPostprocessing = 0;
		};
/* End PBXSourcesBuildPhase section */

/* Begin PBXVariantGroup section */
		AE1F202820182819008C352C /* Main.storyboard */ = {
			isa = PBXVariantGroup;
			children = (
				AE1F202920182819008C352C /* Base */,
			);
			name = Main.storyboard;
			sourceTree = "<group>";
		};
		AE1F202D20182819008C352C /* LaunchScreen.storyboard */ = {
			isa = PBXVariantGroup;
			children = (
				AE1F202E20182819008C352C /* Base */,
			);
			name = LaunchScreen.storyboard;
			sourceTree = "<group>";
		};
/* End PBXVariantGroup section */

/* Begin XCBuildConfiguration section */
		AE1F203120182819008C352C /* Debug */ = {
			isa = XCBuildConfiguration;
			buildSettings = {
				ALWAYS_SEARCH_USER_PATHS = NO;
				CLANG_ANALYZER_NONNULL = YES;
				CLANG_ANALYZER_NUMBER_OBJECT_CONVERSION = YES_AGGRESSIVE;
				CLANG_CXX_LANGUAGE_STANDARD = "gnu++14";
				CLANG_CXX_LIBRARY = "libc++";
				CLANG_ENABLE_MODULES = YES;
				CLANG_ENABLE_OBJC_ARC = YES;
				CLANG_WARN_BLOCK_CAPTURE_AUTORELEASING = YES;
				CLANG_WARN_BOOL_CONVERSION = YES;
				CLANG_WARN_COMMA = YES;
				CLANG_WARN_CONSTANT_CONVERSION = YES;
				CLANG_WARN_DIRECT_OBJC_ISA_USAGE = YES_ERROR;
				CLANG_WARN_DOCUMENTATION_COMMENTS = YES;
				CLANG_WARN_EMPTY_BODY = YES;
				CLANG_WARN_ENUM_CONVERSION = YES;
				CLANG_WARN_INFINITE_RECURSION = YES;
				CLANG_WARN_INT_CONVERSION = YES;
				CLANG_WARN_NON_LITERAL_NULL_CONVERSION = YES;
				CLANG_WARN_OBJC_LITERAL_CONVERSION = YES;
				CLANG_WARN_OBJC_ROOT_CLASS = YES_ERROR;
				CLANG_WARN_RANGE_LOOP_ANALYSIS = YES;
				CLANG_WARN_STRICT_PROTOTYPES = YES;
				CLANG_WARN_SUSPICIOUS_MOVE = YES;
				CLANG_WARN_UNGUARDED_AVAILABILITY = YES_AGGRESSIVE;
				CLANG_WARN_UNREACHABLE_CODE = YES;
				CLANG_WARN__DUPLICATE_METHOD_MATCH = YES;
				CODE_SIGN_IDENTITY = "iPhone Developer";
				COPY_PHASE_STRIP = NO;
				DEBUG_INFORMATION_FORMAT = dwarf;
				ENABLE_STRICT_OBJC_MSGSEND = YES;
				ENABLE_TESTABILITY = YES;
				GCC_C_LANGUAGE_STANDARD = gnu11;
				GCC_DYNAMIC_NO_PIC = NO;
				GCC_NO_COMMON_BLOCKS = YES;
				GCC_OPTIMIZATION_LEVEL = 0;
				GCC_PREPROCESSOR_DEFINITIONS = (
					"DEBUG=1",
					"$(inherited)",
				);
				GCC_WARN_64_TO_32_BIT_CONVERSION = YES;
				GCC_WARN_ABOUT_RETURN_TYPE = YES_ERROR;
				GCC_WARN_UNDECLARED_SELECTOR = YES;
				GCC_WARN_UNINITIALIZED_AUTOS = YES_AGGRESSIVE;
				GCC_WARN_UNUSED_FUNCTION = YES;
				GCC_WARN_UNUSED_VARIABLE = YES;
				IPHONEOS_DEPLOYMENT_TARGET = 11.2;
				MTL_ENABLE_DEBUG_INFO = YES;
				ONLY_ACTIVE_ARCH = YES;
				SDKROOT = iphoneos;
				SWIFT_ACTIVE_COMPILATION_CONDITIONS = DEBUG;
				SWIFT_OPTIMIZATION_LEVEL = "-Onone";
			};
			name = Debug;
		};
		AE1F203220182819008C352C /* Release */ = {
			isa = XCBuildConfiguration;
			buildSettings = {
				ALWAYS_SEARCH_USER_PATHS = NO;
				CLANG_ANALYZER_NONNULL = YES;
				CLANG_ANALYZER_NUMBER_OBJECT_CONVERSION = YES_AGGRESSIVE;
				CLANG_CXX_LANGUAGE_STANDARD = "gnu++14";
				CLANG_CXX_LIBRARY = "libc++";
				CLANG_ENABLE_MODULES = YES;
				CLANG_ENABLE_OBJC_ARC = YES;
				CLANG_WARN_BLOCK_CAPTURE_AUTORELEASING = YES;
				CLANG_WARN_BOOL_CONVERSION = YES;
				CLANG_WARN_COMMA = YES;
				CLANG_WARN_CONSTANT_CONVERSION = YES;
				CLANG_WARN_DIRECT_OBJC_ISA_USAGE = YES_ERROR;
				CLANG_WARN_DOCUMENTATION_COMMENTS = YES;
				CLANG_WARN_EMPTY_BODY = YES;
				CLANG_WARN_ENUM_CONVERSION = YES;
				CLANG_WARN_INFINITE_RECURSION = YES;
				CLANG_WARN_INT_CONVERSION = YES;
				CLANG_WARN_NON_LITERAL_NULL_CONVERSION = YES;
				CLANG_WARN_OBJC_LITERAL_CONVERSION = YES;
				CLANG_WARN_OBJC_ROOT_CLASS = YES_ERROR;
				CLANG_WARN_RANGE_LOOP_ANALYSIS = YES;
				CLANG_WARN_STRICT_PROTOTYPES = YES;
				CLANG_WARN_SUSPICIOUS_MOVE = YES;
				CLANG_WARN_UNGUARDED_AVAILABILITY = YES_AGGRESSIVE;
				CLANG_WARN_UNREACHABLE_CODE = YES;
				CLANG_WARN__DUPLICATE_METHOD_MATCH = YES;
				CODE_SIGN_IDENTITY = "iPhone Developer";
				COPY_PHASE_STRIP = NO;
				DEBUG_INFORMATION_FORMAT = "dwarf-with-dsym";
				ENABLE_NS_ASSERTIONS = NO;
				ENABLE_STRICT_OBJC_MSGSEND = YES;
				GCC_C_LANGUAGE_STANDARD = gnu11;
				GCC_NO_COMMON_BLOCKS = YES;
				GCC_WARN_64_TO_32_BIT_CONVERSION = YES;
				GCC_WARN_ABOUT_RETURN_TYPE = YES_ERROR;
				GCC_WARN_UNDECLARED_SELECTOR = YES;
				GCC_WARN_UNINITIALIZED_AUTOS = YES_AGGRESSIVE;
				GCC_WARN_UNUSED_FUNCTION = YES;
				GCC_WARN_UNUSED_VARIABLE = YES;
				IPHONEOS_DEPLOYMENT_TARGET = 11.2;
				MTL_ENABLE_DEBUG_INFO = NO;
				SDKROOT = iphoneos;
				SWIFT_OPTIMIZATION_LEVEL = "-Owholemodule";
				VALIDATE_PRODUCT = YES;
			};
			name = Release;
		};
		AE1F203420182819008C352C /* Debug */ = {
			isa = XCBuildConfiguration;
			buildSettings = {
				ASSETCATALOG_COMPILER_APPICON_NAME = AppIcon;
				CODE_SIGN_STYLE = Automatic;
				INFOPLIST_FILE = LoadingAnimation/Info.plist;
				LD_RUNPATH_SEARCH_PATHS = "$(inherited) @executable_path/Frameworks";
				PRODUCT_BUNDLE_IDENTIFIER = com.ittmama.com.LoadingAnimation;
				PRODUCT_NAME = "$(TARGET_NAME)";
				SWIFT_VERSION = 4.0;
				TARGETED_DEVICE_FAMILY = "1,2";
			};
			name = Debug;
		};
		AE1F203520182819008C352C /* Release */ = {
			isa = XCBuildConfiguration;
			buildSettings = {
				ASSETCATALOG_COMPILER_APPICON_NAME = AppIcon;
				CODE_SIGN_STYLE = Automatic;
				INFOPLIST_FILE = LoadingAnimation/Info.plist;
				LD_RUNPATH_SEARCH_PATHS = "$(inherited) @executable_path/Frameworks";
				PRODUCT_BUNDLE_IDENTIFIER = com.ittmama.com.LoadingAnimation;
				PRODUCT_NAME = "$(TARGET_NAME)";
				SWIFT_VERSION = 4.0;
				TARGETED_DEVICE_FAMILY = "1,2";
			};
			name = Release;
		};
/* End XCBuildConfiguration section */

/* Begin XCConfigurationList section */
		AE1F201C20182819008C352C /* Build configuration list for PBXProject "LoadingAnimation" */ = {
			isa = XCConfigurationList;
			buildConfigurations = (
				AE1F203120182819008C352C /* Debug */,
				AE1F203220182819008C352C /* Release */,
			);
			defaultConfigurationIsVisible = 0;
			defaultConfigurationName = Release;
		};
		AE1F203320182819008C352C /* Build configuration list for PBXNativeTarget "LoadingAnimation" */ = {
			isa = XCConfigurationList;
			buildConfigurations = (
				AE1F203420182819008C352C /* Debug */,
				AE1F203520182819008C352C /* Release */,
			);
			defaultConfigurationIsVisible = 0;
			defaultConfigurationName = Release;
		};
/* End XCConfigurationList section */
	};
	rootObject = AE1F201920182819008C352C /* Project object */;
}
